{
  "version": 4,
  "terraform_version": "1.3.9",
  "serial": 652,
  "lineage": "f736b524-786d-20cd-3b28-c28b6585259f",
  "outputs": {
    "arn": {
      "value": "arn:aws:lambda:us-east-1:490167669940:function:Shopify_Lambda",
      "type": "string"
    },
    "event_source_arns": {
      "value": [
        "arn:aws:sqs:us-east-1:490167669940:SQS-Shopify",
        "arn:aws:sqs:us-east-1:490167669940:SendGrid",
        "arn:aws:sqs:us-east-1:490167669940:HubSpot"
      ],
      "type": [
        "tuple",
        [
          "string",
          "string",
          "string"
        ]
      ]
    },
    "function_name": {
      "value": "Shopify_Lambda",
      "type": "string"
    },
    "role_name": {
      "value": "Shopify_Lambda-us-east-1",
      "type": "string"
    }
  },
  "resources": [
    {
      "mode": "data",
      "type": "archive_file",
      "name": "sqs_handler",
      "provider": "provider[\"registry.terraform.io/hashicorp/archive\"]",
      "instances": [
        {
          "schema_version": 0,
          "attributes": {
            "exclude_symlink_directories": null,
            "excludes": null,
            "id": "772c443cf9f741c408a7cc88ca3a17a6da42a9b0",
            "output_base64sha256": "4cDmKrChLnwyvcNaNOTJXQ5KUP0lN6Jm1sDJph5KdJI=",
            "output_base64sha512": "stfy4CKv7dyXBeuniwXmQhmjH7Cob14xCOttEqR7F+uxLKrBMjtnH3w6O3UJjej4a5QWUOm023RG/G3rbLcSow==",
            "output_file_mode": null,
            "output_md5": "477d25151685e903904d3df53ddc960d",
            "output_path": "./sqs.zip",
            "output_sha": "772c443cf9f741c408a7cc88ca3a17a6da42a9b0",
            "output_sha256": "e1c0e62ab0a12e7c32bdc35a34e4c95d0e4a50fd2537a266d6c0c9a61e4a7492",
            "output_sha512": "b2d7f2e022afeddc9705eba78b05e64219a31fb0a86f5e3108eb6d12a47b17ebb12caac1323b671f7c3a3b75098de8f86b941650e9b4db7446fc6deb6cb712a3",
            "output_size": 250,
            "source": [
              {
                "content": "exports.handler = async function(event, context) { event.Records.forEach(record =\u003e { const { body } = record; console.log(body);  }); return {}; }",
                "filename": "index.js"
              }
            ],
            "source_content": null,
            "source_content_filename": null,
            "source_dir": null,
            "source_file": null,
            "type": "zip"
          },
          "sensitive_attributes": []
        }
      ]
    },
    {
      "mode": "data",
      "type": "archive_file",
      "name": "sqs_handler1",
      "provider": "provider[\"registry.terraform.io/hashicorp/archive\"]",
      "instances": [
        {
          "schema_version": 0,
          "attributes": {
            "exclude_symlink_directories": null,
            "excludes": null,
            "id": "772c443cf9f741c408a7cc88ca3a17a6da42a9b0",
            "output_base64sha256": "4cDmKrChLnwyvcNaNOTJXQ5KUP0lN6Jm1sDJph5KdJI=",
            "output_base64sha512": "stfy4CKv7dyXBeuniwXmQhmjH7Cob14xCOttEqR7F+uxLKrBMjtnH3w6O3UJjej4a5QWUOm023RG/G3rbLcSow==",
            "output_file_mode": null,
            "output_md5": "477d25151685e903904d3df53ddc960d",
            "output_path": "./sqs.zip",
            "output_sha": "772c443cf9f741c408a7cc88ca3a17a6da42a9b0",
            "output_sha256": "e1c0e62ab0a12e7c32bdc35a34e4c95d0e4a50fd2537a266d6c0c9a61e4a7492",
            "output_sha512": "b2d7f2e022afeddc9705eba78b05e64219a31fb0a86f5e3108eb6d12a47b17ebb12caac1323b671f7c3a3b75098de8f86b941650e9b4db7446fc6deb6cb712a3",
            "output_size": 250,
            "source": [
              {
                "content": "exports.handler = async function(event, context) { event.Records.forEach(record =\u003e { const { body } = record; console.log(body);  }); return {}; }",
                "filename": "index.js"
              }
            ],
            "source_content": null,
            "source_content_filename": null,
            "source_dir": null,
            "source_file": null,
            "type": "zip"
          },
          "sensitive_attributes": []
        }
      ]
    },
    {
      "mode": "data",
      "type": "archive_file",
      "name": "sqs_handler2",
      "provider": "provider[\"registry.terraform.io/hashicorp/archive\"]",
      "instances": [
        {
          "schema_version": 0,
          "attributes": {
            "exclude_symlink_directories": null,
            "excludes": null,
            "id": "772c443cf9f741c408a7cc88ca3a17a6da42a9b0",
            "output_base64sha256": "4cDmKrChLnwyvcNaNOTJXQ5KUP0lN6Jm1sDJph5KdJI=",
            "output_base64sha512": "stfy4CKv7dyXBeuniwXmQhmjH7Cob14xCOttEqR7F+uxLKrBMjtnH3w6O3UJjej4a5QWUOm023RG/G3rbLcSow==",
            "output_file_mode": null,
            "output_md5": "477d25151685e903904d3df53ddc960d",
            "output_path": "./sqs.zip",
            "output_sha": "772c443cf9f741c408a7cc88ca3a17a6da42a9b0",
            "output_sha256": "e1c0e62ab0a12e7c32bdc35a34e4c95d0e4a50fd2537a266d6c0c9a61e4a7492",
            "output_sha512": "b2d7f2e022afeddc9705eba78b05e64219a31fb0a86f5e3108eb6d12a47b17ebb12caac1323b671f7c3a3b75098de8f86b941650e9b4db7446fc6deb6cb712a3",
            "output_size": 250,
            "source": [
              {
                "content": "exports.handler = async function(event, context) { event.Records.forEach(record =\u003e { const { body } = record; console.log(body);  }); return {}; }",
                "filename": "index.js"
              }
            ],
            "source_content": null,
            "source_content_filename": null,
            "source_dir": null,
            "source_file": null,
            "type": "zip"
          },
          "sensitive_attributes": []
        }
      ]
    },
    {
      "mode": "managed",
      "type": "aws_sqs_queue",
      "name": "HubSpot",
      "provider": "provider[\"registry.terraform.io/hashicorp/aws\"]",
      "instances": [
        {
          "schema_version": 0,
          "attributes": {
            "arn": "arn:aws:sqs:us-east-1:490167669940:HubSpot",
            "content_based_deduplication": false,
            "deduplication_scope": "",
            "delay_seconds": 0,
            "fifo_queue": false,
            "fifo_throughput_limit": "",
            "id": "https://sqs.us-east-1.amazonaws.com/490167669940/HubSpot",
            "kms_data_key_reuse_period_seconds": 300,
            "kms_master_key_id": "alias/aws/sqs",
            "max_message_size": 262144,
            "message_retention_seconds": 345600,
            "name": "HubSpot",
            "name_prefix": "",
            "policy": "",
            "receive_wait_time_seconds": 0,
            "redrive_allow_policy": "",
            "redrive_policy": "",
            "sqs_managed_sse_enabled": false,
            "tags": null,
            "tags_all": {},
            "url": "https://sqs.us-east-1.amazonaws.com/490167669940/HubSpot",
            "visibility_timeout_seconds": 30
          },
          "sensitive_attributes": [],
          "private": "bnVsbA=="
        }
      ]
    },
    {
      "mode": "managed",
      "type": "aws_sqs_queue",
      "name": "SQS-Shopify",
      "provider": "provider[\"registry.terraform.io/hashicorp/aws\"]",
      "instances": [
        {
          "schema_version": 0,
          "attributes": {
            "arn": "arn:aws:sqs:us-east-1:490167669940:SQS-Shopify",
            "content_based_deduplication": false,
            "deduplication_scope": "",
            "delay_seconds": 0,
            "fifo_queue": false,
            "fifo_throughput_limit": "",
            "id": "https://sqs.us-east-1.amazonaws.com/490167669940/SQS-Shopify",
            "kms_data_key_reuse_period_seconds": 300,
            "kms_master_key_id": "alias/aws/sqs",
            "max_message_size": 262144,
            "message_retention_seconds": 345600,
            "name": "SQS-Shopify",
            "name_prefix": "",
            "policy": "",
            "receive_wait_time_seconds": 0,
            "redrive_allow_policy": "",
            "redrive_policy": "",
            "sqs_managed_sse_enabled": false,
            "tags": null,
            "tags_all": {},
            "url": "https://sqs.us-east-1.amazonaws.com/490167669940/SQS-Shopify",
            "visibility_timeout_seconds": 30
          },
          "sensitive_attributes": [],
          "private": "bnVsbA=="
        }
      ]
    },
    {
      "mode": "managed",
      "type": "aws_sqs_queue",
      "name": "SendGrid",
      "provider": "provider[\"registry.terraform.io/hashicorp/aws\"]",
      "instances": [
        {
          "schema_version": 0,
          "attributes": {
            "arn": "arn:aws:sqs:us-east-1:490167669940:SendGrid",
            "content_based_deduplication": false,
            "deduplication_scope": "",
            "delay_seconds": 0,
            "fifo_queue": false,
            "fifo_throughput_limit": "",
            "id": "https://sqs.us-east-1.amazonaws.com/490167669940/SendGrid",
            "kms_data_key_reuse_period_seconds": 300,
            "kms_master_key_id": "alias/aws/sqs",
            "max_message_size": 262144,
            "message_retention_seconds": 345600,
            "name": "SendGrid",
            "name_prefix": "",
            "policy": "",
            "receive_wait_time_seconds": 0,
            "redrive_allow_policy": "",
            "redrive_policy": "",
            "sqs_managed_sse_enabled": false,
            "tags": null,
            "tags_all": {},
            "url": "https://sqs.us-east-1.amazonaws.com/490167669940/SendGrid",
            "visibility_timeout_seconds": 30
          },
          "sensitive_attributes": [],
          "private": "bnVsbA=="
        }
      ]
    },
    {
      "module": "module.lambda",
      "mode": "data",
      "type": "aws_caller_identity",
      "name": "current",
      "provider": "provider[\"registry.terraform.io/hashicorp/aws\"]",
      "instances": [
        {
          "schema_version": 0,
          "attributes": {
            "account_id": "490167669940",
            "arn": "arn:aws:sts::490167669940:assumed-role/AWSReservedSSO_PowerUser_85290a67d1a90889/vijay.poola@cloud4c.com",
            "id": "490167669940",
            "user_id": "AROAXEICFCS2N4FJX66HL:vijay.poola@cloud4c.com"
          },
          "sensitive_attributes": []
        }
      ]
    },
    {
      "module": "module.lambda",
      "mode": "data",
      "type": "aws_iam_policy_document",
      "name": "assume_role_policy",
      "provider": "provider[\"registry.terraform.io/hashicorp/aws\"]",
      "instances": [
        {
          "schema_version": 0,
          "attributes": {
            "id": "2690255455",
            "json": "{\n  \"Version\": \"2012-10-17\",\n  \"Statement\": [\n    {\n      \"Effect\": \"Allow\",\n      \"Action\": \"sts:AssumeRole\",\n      \"Principal\": {\n        \"Service\": \"lambda.amazonaws.com\"\n      }\n    }\n  ]\n}",
            "override_policy_documents": null,
            "policy_id": null,
            "source_policy_documents": null,
            "statement": [
              {
                "actions": [
                  "sts:AssumeRole"
                ],
                "condition": [],
                "effect": "Allow",
                "not_actions": [],
                "not_principals": [],
                "not_resources": [],
                "principals": [
                  {
                    "identifiers": [
                      "lambda.amazonaws.com"
                    ],
                    "type": "Service"
                  }
                ],
                "resources": [],
                "sid": ""
              }
            ],
            "version": "2012-10-17"
          },
          "sensitive_attributes": []
        }
      ]
    },
    {
      "module": "module.lambda",
      "mode": "data",
      "type": "aws_iam_policy_document",
      "name": "event_sources",
      "provider": "provider[\"registry.terraform.io/hashicorp/aws\"]",
      "instances": [
        {
          "index_key": 0,
          "schema_version": 0,
          "attributes": {
            "id": "2488551893",
            "json": "{\n  \"Version\": \"2012-10-17\",\n  \"Statement\": [\n    {\n      \"Effect\": \"Allow\",\n      \"Action\": [\n        \"sqs:ReceiveMessage\",\n        \"sqs:GetQueueAttributes\",\n        \"sqs:DeleteMessageBatch\",\n        \"sqs:DeleteMessage\",\n        \"sqs:ChangeMessageVisibilityBatch\",\n        \"sqs:ChangeMessageVisibility\"\n      ],\n      \"Resource\": \"arn:aws:sqs:us-east-1:490167669940:SQS-Shopify\"\n    }\n  ]\n}",
            "override_policy_documents": null,
            "policy_id": null,
            "source_policy_documents": null,
            "statement": [
              {
                "actions": [
                  "sqs:ChangeMessageVisibility",
                  "sqs:ChangeMessageVisibilityBatch",
                  "sqs:DeleteMessage",
                  "sqs:DeleteMessageBatch",
                  "sqs:GetQueueAttributes",
                  "sqs:ReceiveMessage"
                ],
                "condition": [],
                "effect": "Allow",
                "not_actions": [],
                "not_principals": [],
                "not_resources": [],
                "principals": [],
                "resources": [
                  "arn:aws:sqs:us-east-1:490167669940:SQS-Shopify"
                ],
                "sid": ""
              }
            ],
            "version": "2012-10-17"
          },
          "sensitive_attributes": []
        }
      ]
    },
    {
      "module": "module.lambda",
      "mode": "data",
      "type": "aws_iam_policy_document",
      "name": "logs",
      "provider": "provider[\"registry.terraform.io/hashicorp/aws\"]",
      "instances": [
        {
          "index_key": 0,
          "schema_version": 0,
          "attributes": {
            "id": "3246944670",
            "json": "{\n  \"Version\": \"2012-10-17\",\n  \"Statement\": [\n    {\n      \"Effect\": \"Allow\",\n      \"Action\": [\n        \"logs:PutLogEvents\",\n        \"logs:CreateLogStream\"\n      ],\n      \"Resource\": \"arn:aws:logs:us-east-1:490167669940:log-group:/aws/lambda/Shopify_Lambda:*\"\n    }\n  ]\n}",
            "override_policy_documents": null,
            "policy_id": null,
            "source_policy_documents": null,
            "statement": [
              {
                "actions": [
                  "logs:CreateLogStream",
                  "logs:PutLogEvents"
                ],
                "condition": [],
                "effect": "Allow",
                "not_actions": [],
                "not_principals": [],
                "not_resources": [],
                "principals": [],
                "resources": [
                  "arn:aws:logs:us-east-1:490167669940:log-group:/aws/lambda/Shopify_Lambda:*"
                ],
                "sid": ""
              }
            ],
            "version": "2012-10-17"
          },
          "sensitive_attributes": []
        }
      ]
    },
    {
      "module": "module.lambda",
      "mode": "data",
      "type": "aws_partition",
      "name": "current",
      "provider": "provider[\"registry.terraform.io/hashicorp/aws\"]",
      "instances": [
        {
          "schema_version": 0,
          "attributes": {
            "dns_suffix": "amazonaws.com",
            "id": "aws",
            "partition": "aws",
            "reverse_dns_prefix": "com.amazonaws"
          },
          "sensitive_attributes": []
        }
      ]
    },
    {
      "module": "module.lambda",
      "mode": "data",
      "type": "aws_region",
      "name": "current",
      "provider": "provider[\"registry.terraform.io/hashicorp/aws\"]",
      "instances": [
        {
          "schema_version": 0,
          "attributes": {
            "description": "US East (N. Virginia)",
            "endpoint": "ec2.us-east-1.amazonaws.com",
            "id": "us-east-1",
            "name": "us-east-1"
          },
          "sensitive_attributes": []
        }
      ]
    },
    {
      "module": "module.lambda",
      "mode": "managed",
      "type": "aws_cloudwatch_log_group",
      "name": "lambda",
      "provider": "provider[\"registry.terraform.io/hashicorp/aws\"]",
      "instances": [
        {
          "schema_version": 0,
          "attributes": {
            "arn": "arn:aws:logs:us-east-1:490167669940:log-group:/aws/lambda/Shopify_Lambda",
            "id": "/aws/lambda/Shopify_Lambda",
            "kms_key_id": "",
            "log_group_class": "STANDARD",
            "name": "/aws/lambda/Shopify_Lambda",
            "name_prefix": "",
            "retention_in_days": 0,
            "skip_destroy": false,
            "tags": null,
            "tags_all": {}
          },
          "sensitive_attributes": [],
          "private": "bnVsbA=="
        }
      ]
    },
    {
      "module": "module.lambda",
      "mode": "managed",
      "type": "aws_iam_policy",
      "name": "event_sources",
      "provider": "provider[\"registry.terraform.io/hashicorp/aws\"]",
      "instances": [
        {
          "index_key": 0,
          "schema_version": 0,
          "attributes": {
            "arn": "arn:aws:iam::490167669940:policy/terraform-20240127093750747700000005",
            "description": "",
            "id": "arn:aws:iam::490167669940:policy/terraform-20240127093750747700000005",
            "name": "terraform-20240127093750747700000005",
            "name_prefix": "terraform-",
            "path": "/",
            "policy": "{\"Statement\":[{\"Action\":[\"sqs:ReceiveMessage\",\"sqs:GetQueueAttributes\",\"sqs:DeleteMessageBatch\",\"sqs:DeleteMessage\",\"sqs:ChangeMessageVisibilityBatch\",\"sqs:ChangeMessageVisibility\"],\"Effect\":\"Allow\",\"Resource\":\"arn:aws:sqs:us-east-1:490167669940:SQS-Shopify\"}],\"Version\":\"2012-10-17\"}",
            "policy_id": "ANPAXEICFCS2AEQYXR7I2",
            "tags": null,
            "tags_all": {}
          },
          "sensitive_attributes": [],
          "private": "bnVsbA==",
          "dependencies": [
            "aws_sqs_queue.SQS-Shopify",
            "module.lambda.data.aws_iam_policy_document.event_sources"
          ]
        }
      ]
    },
    {
      "module": "module.lambda",
      "mode": "managed",
      "type": "aws_iam_policy",
      "name": "logs",
      "provider": "provider[\"registry.terraform.io/hashicorp/aws\"]",
      "instances": [
        {
          "index_key": 0,
          "schema_version": 0,
          "attributes": {
            "arn": "arn:aws:iam::490167669940:policy/Shopify_Lambda-logs-us-east-1",
            "description": "Provides minimum CloudWatch Logs write permissions.",
            "id": "arn:aws:iam::490167669940:policy/Shopify_Lambda-logs-us-east-1",
            "name": "Shopify_Lambda-logs-us-east-1",
            "name_prefix": "",
            "path": "/",
            "policy": "{\"Statement\":[{\"Action\":[\"logs:PutLogEvents\",\"logs:CreateLogStream\"],\"Effect\":\"Allow\",\"Resource\":\"arn:aws:logs:us-east-1:490167669940:log-group:/aws/lambda/Shopify_Lambda:*\"}],\"Version\":\"2012-10-17\"}",
            "policy_id": "ANPAXEICFCS2DVVQBCR2U",
            "tags": null,
            "tags_all": {}
          },
          "sensitive_attributes": [],
          "private": "bnVsbA==",
          "dependencies": [
            "module.lambda.aws_cloudwatch_log_group.lambda",
            "module.lambda.data.aws_iam_policy_document.logs",
            "module.lambda.data.aws_region.current"
          ]
        }
      ]
    },
    {
      "module": "module.lambda",
      "mode": "managed",
      "type": "aws_iam_role",
      "name": "lambda",
      "provider": "provider[\"registry.terraform.io/hashicorp/aws\"]",
      "instances": [
        {
          "schema_version": 0,
          "attributes": {
            "arn": "arn:aws:iam::490167669940:role/Shopify_Lambda-us-east-1",
            "assume_role_policy": "{\"Statement\":[{\"Action\":\"sts:AssumeRole\",\"Effect\":\"Allow\",\"Principal\":{\"Service\":\"lambda.amazonaws.com\"}}],\"Version\":\"2012-10-17\"}",
            "create_date": "2024-01-27T09:37:20Z",
            "description": "",
            "force_detach_policies": false,
            "id": "Shopify_Lambda-us-east-1",
            "inline_policy": [],
            "managed_policy_arns": [],
            "max_session_duration": 3600,
            "name": "Shopify_Lambda-us-east-1",
            "name_prefix": "",
            "path": "/",
            "permissions_boundary": "",
            "tags": null,
            "tags_all": {},
            "unique_id": "AROAXEICFCS2BUYKEPVW2"
          },
          "sensitive_attributes": [],
          "private": "bnVsbA==",
          "dependencies": [
            "module.lambda.data.aws_iam_policy_document.assume_role_policy",
            "module.lambda.data.aws_region.current"
          ]
        }
      ]
    },
    {
      "module": "module.lambda",
      "mode": "managed",
      "type": "aws_iam_role_policy_attachment",
      "name": "event_sources",
      "provider": "provider[\"registry.terraform.io/hashicorp/aws\"]",
      "instances": [
        {
          "index_key": 0,
          "schema_version": 0,
          "attributes": {
            "id": "Shopify_Lambda-us-east-1-20240127093752098800000007",
            "policy_arn": "arn:aws:iam::490167669940:policy/terraform-20240127093750747700000005",
            "role": "Shopify_Lambda-us-east-1"
          },
          "sensitive_attributes": [],
          "private": "bnVsbA==",
          "dependencies": [
            "aws_sqs_queue.SQS-Shopify",
            "module.lambda.aws_iam_policy.event_sources",
            "module.lambda.aws_iam_role.lambda",
            "module.lambda.data.aws_iam_policy_document.assume_role_policy",
            "module.lambda.data.aws_iam_policy_document.event_sources",
            "module.lambda.data.aws_region.current"
          ]
        }
      ]
    },
    {
      "module": "module.lambda",
      "mode": "managed",
      "type": "aws_iam_role_policy_attachment",
      "name": "logs",
      "provider": "provider[\"registry.terraform.io/hashicorp/aws\"]",
      "instances": [
        {
          "index_key": 0,
          "schema_version": 0,
          "attributes": {
            "id": "Shopify_Lambda-us-east-1-20240127093725138700000003",
            "policy_arn": "arn:aws:iam::490167669940:policy/Shopify_Lambda-logs-us-east-1",
            "role": "Shopify_Lambda-us-east-1"
          },
          "sensitive_attributes": [],
          "private": "bnVsbA==",
          "dependencies": [
            "module.lambda.aws_cloudwatch_log_group.lambda",
            "module.lambda.aws_iam_policy.logs",
            "module.lambda.aws_iam_role.lambda",
            "module.lambda.data.aws_iam_policy_document.assume_role_policy",
            "module.lambda.data.aws_iam_policy_document.logs",
            "module.lambda.data.aws_region.current"
          ]
        }
      ]
    },
    {
      "module": "module.lambda",
      "mode": "managed",
      "type": "aws_lambda_event_source_mapping",
      "name": "event_source",
      "provider": "provider[\"registry.terraform.io/hashicorp/aws\"]",
      "instances": [
        {
          "index_key": "SQS-Shopify",
          "schema_version": 0,
          "attributes": {
            "amazon_managed_kafka_event_source_config": [],
            "batch_size": 10,
            "bisect_batch_on_function_error": false,
            "destination_config": [],
            "document_db_event_source_config": [],
            "enabled": true,
            "event_source_arn": "arn:aws:sqs:us-east-1:490167669940:SQS-Shopify",
            "filter_criteria": [],
            "function_arn": "arn:aws:lambda:us-east-1:490167669940:function:Shopify_Lambda",
            "function_name": "arn:aws:lambda:us-east-1:490167669940:function:Shopify_Lambda",
            "function_response_types": null,
            "id": "bbd547a8-5476-4d22-be1a-8d036c65a583",
            "last_modified": "2024-01-27T09:37:59Z",
            "last_processing_result": "",
            "maximum_batching_window_in_seconds": 0,
            "maximum_record_age_in_seconds": 0,
            "maximum_retry_attempts": 0,
            "parallelization_factor": 0,
            "queues": null,
            "scaling_config": [],
            "self_managed_event_source": [],
            "self_managed_kafka_event_source_config": [],
            "source_access_configuration": [],
            "starting_position": "",
            "starting_position_timestamp": "",
            "state": "Enabled",
            "state_transition_reason": "USER_INITIATED",
            "topics": null,
            "tumbling_window_in_seconds": 0,
            "uuid": "bbd547a8-5476-4d22-be1a-8d036c65a583"
          },
          "sensitive_attributes": [],
          "private": "bnVsbA==",
          "dependencies": [
            "aws_sqs_queue.SQS-Shopify",
            "data.archive_file.sqs_handler",
            "module.lambda.aws_cloudwatch_log_group.lambda",
            "module.lambda.aws_iam_role.lambda",
            "module.lambda.aws_lambda_function.lambda",
            "module.lambda.aws_lambda_function.lambda_external_lifecycle",
            "module.lambda.data.aws_iam_policy_document.assume_role_policy",
            "module.lambda.data.aws_region.current"
          ]
        }
      ]
    },
    {
      "module": "module.lambda",
      "mode": "managed",
      "type": "aws_lambda_function",
      "name": "lambda",
      "provider": "provider[\"registry.terraform.io/hashicorp/aws\"]",
      "instances": [
        {
          "index_key": 0,
          "schema_version": 0,
          "attributes": {
            "architectures": [
              "x86_64"
            ],
            "arn": "arn:aws:lambda:us-east-1:490167669940:function:Shopify_Lambda",
            "code_signing_config_arn": "",
            "dead_letter_config": [],
            "description": "Example usage for an AWS Lambda with a SQS event source mapping",
            "environment": [],
            "ephemeral_storage": [
              {
                "size": 512
              }
            ],
            "file_system_config": [],
            "filename": "./sqs.zip",
            "function_name": "Shopify_Lambda",
            "handler": "index.handler",
            "id": "Shopify_Lambda",
            "image_config": [],
            "image_uri": "",
            "invoke_arn": "arn:aws:apigateway:us-east-1:lambda:path/2015-03-31/functions/arn:aws:lambda:us-east-1:490167669940:function:Shopify_Lambda/invocations",
            "kms_key_arn": "",
            "last_modified": "2024-01-27T09:37:35.339+0000",
            "layers": [],
            "logging_config": [
              {
                "application_log_level": "",
                "log_format": "Text",
                "log_group": "/aws/lambda/Shopify_Lambda",
                "system_log_level": ""
              }
            ],
            "memory_size": 128,
            "package_type": "Zip",
            "publish": false,
            "qualified_arn": "arn:aws:lambda:us-east-1:490167669940:function:Shopify_Lambda:$LATEST",
            "qualified_invoke_arn": "arn:aws:apigateway:us-east-1:lambda:path/2015-03-31/functions/arn:aws:lambda:us-east-1:490167669940:function:Shopify_Lambda:$LATEST/invocations",
            "replace_security_groups_on_destroy": null,
            "replacement_security_group_ids": null,
            "reserved_concurrent_executions": -1,
            "role": "arn:aws:iam::490167669940:role/Shopify_Lambda-us-east-1",
            "runtime": "java17",
            "s3_bucket": null,
            "s3_key": null,
            "s3_object_version": null,
            "signing_job_arn": "",
            "signing_profile_version_arn": "",
            "skip_destroy": false,
            "snap_start": [],
            "source_code_hash": "4cDmKrChLnwyvcNaNOTJXQ5KUP0lN6Jm1sDJph5KdJI=",
            "source_code_size": 250,
            "tags": null,
            "tags_all": {},
            "timeout": 3,
            "timeouts": null,
            "tracing_config": [
              {
                "mode": "PassThrough"
              }
            ],
            "version": "$LATEST",
            "vpc_config": []
          },
          "sensitive_attributes": [],
          "private": "eyJlMmJmYjczMC1lY2FhLTExZTYtOGY4OC0zNDM2M2JjN2M0YzAiOnsiY3JlYXRlIjo2MDAwMDAwMDAwMDAsImRlbGV0ZSI6NjAwMDAwMDAwMDAwLCJ1cGRhdGUiOjYwMDAwMDAwMDAwMH19",
          "dependencies": [
            "data.archive_file.sqs_handler",
            "module.lambda.aws_cloudwatch_log_group.lambda",
            "module.lambda.aws_iam_role.lambda",
            "module.lambda.data.aws_iam_policy_document.assume_role_policy",
            "module.lambda.data.aws_region.current"
          ]
        }
      ]
    },
    {
      "module": "module.lambda1",
      "mode": "data",
      "type": "aws_caller_identity",
      "name": "current",
      "provider": "provider[\"registry.terraform.io/hashicorp/aws\"]",
      "instances": [
        {
          "schema_version": 0,
          "attributes": {
            "account_id": "490167669940",
            "arn": "arn:aws:sts::490167669940:assumed-role/AWSReservedSSO_PowerUser_85290a67d1a90889/vijay.poola@cloud4c.com",
            "id": "490167669940",
            "user_id": "AROAXEICFCS2N4FJX66HL:vijay.poola@cloud4c.com"
          },
          "sensitive_attributes": []
        }
      ]
    },
    {
      "module": "module.lambda1",
      "mode": "data",
      "type": "aws_iam_policy_document",
      "name": "assume_role_policy",
      "provider": "provider[\"registry.terraform.io/hashicorp/aws\"]",
      "instances": [
        {
          "schema_version": 0,
          "attributes": {
            "id": "2690255455",
            "json": "{\n  \"Version\": \"2012-10-17\",\n  \"Statement\": [\n    {\n      \"Effect\": \"Allow\",\n      \"Action\": \"sts:AssumeRole\",\n      \"Principal\": {\n        \"Service\": \"lambda.amazonaws.com\"\n      }\n    }\n  ]\n}",
            "override_policy_documents": null,
            "policy_id": null,
            "source_policy_documents": null,
            "statement": [
              {
                "actions": [
                  "sts:AssumeRole"
                ],
                "condition": [],
                "effect": "Allow",
                "not_actions": [],
                "not_principals": [],
                "not_resources": [],
                "principals": [
                  {
                    "identifiers": [
                      "lambda.amazonaws.com"
                    ],
                    "type": "Service"
                  }
                ],
                "resources": [],
                "sid": ""
              }
            ],
            "version": "2012-10-17"
          },
          "sensitive_attributes": []
        }
      ]
    },
    {
      "module": "module.lambda1",
      "mode": "data",
      "type": "aws_iam_policy_document",
      "name": "event_sources",
      "provider": "provider[\"registry.terraform.io/hashicorp/aws\"]",
      "instances": [
        {
          "index_key": 0,
          "schema_version": 0,
          "attributes": {
            "id": "1395450922",
            "json": "{\n  \"Version\": \"2012-10-17\",\n  \"Statement\": [\n    {\n      \"Effect\": \"Allow\",\n      \"Action\": [\n        \"sqs:ReceiveMessage\",\n        \"sqs:GetQueueAttributes\",\n        \"sqs:DeleteMessageBatch\",\n        \"sqs:DeleteMessage\",\n        \"sqs:ChangeMessageVisibilityBatch\",\n        \"sqs:ChangeMessageVisibility\"\n      ],\n      \"Resource\": \"arn:aws:sqs:us-east-1:490167669940:SendGrid\"\n    }\n  ]\n}",
            "override_policy_documents": null,
            "policy_id": null,
            "source_policy_documents": null,
            "statement": [
              {
                "actions": [
                  "sqs:ChangeMessageVisibility",
                  "sqs:ChangeMessageVisibilityBatch",
                  "sqs:DeleteMessage",
                  "sqs:DeleteMessageBatch",
                  "sqs:GetQueueAttributes",
                  "sqs:ReceiveMessage"
                ],
                "condition": [],
                "effect": "Allow",
                "not_actions": [],
                "not_principals": [],
                "not_resources": [],
                "principals": [],
                "resources": [
                  "arn:aws:sqs:us-east-1:490167669940:SendGrid"
                ],
                "sid": ""
              }
            ],
            "version": "2012-10-17"
          },
          "sensitive_attributes": []
        }
      ]
    },
    {
      "module": "module.lambda1",
      "mode": "data",
      "type": "aws_iam_policy_document",
      "name": "logs",
      "provider": "provider[\"registry.terraform.io/hashicorp/aws\"]",
      "instances": [
        {
          "index_key": 0,
          "schema_version": 0,
          "attributes": {
            "id": "3924937247",
            "json": "{\n  \"Version\": \"2012-10-17\",\n  \"Statement\": [\n    {\n      \"Effect\": \"Allow\",\n      \"Action\": [\n        \"logs:PutLogEvents\",\n        \"logs:CreateLogStream\"\n      ],\n      \"Resource\": \"arn:aws:logs:us-east-1:490167669940:log-group:/aws/lambda/SendGrid_Lambda:*\"\n    }\n  ]\n}",
            "override_policy_documents": null,
            "policy_id": null,
            "source_policy_documents": null,
            "statement": [
              {
                "actions": [
                  "logs:CreateLogStream",
                  "logs:PutLogEvents"
                ],
                "condition": [],
                "effect": "Allow",
                "not_actions": [],
                "not_principals": [],
                "not_resources": [],
                "principals": [],
                "resources": [
                  "arn:aws:logs:us-east-1:490167669940:log-group:/aws/lambda/SendGrid_Lambda:*"
                ],
                "sid": ""
              }
            ],
            "version": "2012-10-17"
          },
          "sensitive_attributes": []
        }
      ]
    },
    {
      "module": "module.lambda1",
      "mode": "data",
      "type": "aws_partition",
      "name": "current",
      "provider": "provider[\"registry.terraform.io/hashicorp/aws\"]",
      "instances": [
        {
          "schema_version": 0,
          "attributes": {
            "dns_suffix": "amazonaws.com",
            "id": "aws",
            "partition": "aws",
            "reverse_dns_prefix": "com.amazonaws"
          },
          "sensitive_attributes": []
        }
      ]
    },
    {
      "module": "module.lambda1",
      "mode": "data",
      "type": "aws_region",
      "name": "current",
      "provider": "provider[\"registry.terraform.io/hashicorp/aws\"]",
      "instances": [
        {
          "schema_version": 0,
          "attributes": {
            "description": "US East (N. Virginia)",
            "endpoint": "ec2.us-east-1.amazonaws.com",
            "id": "us-east-1",
            "name": "us-east-1"
          },
          "sensitive_attributes": []
        }
      ]
    },
    {
      "module": "module.lambda1",
      "mode": "managed",
      "type": "aws_cloudwatch_log_group",
      "name": "lambda",
      "provider": "provider[\"registry.terraform.io/hashicorp/aws\"]",
      "instances": [
        {
          "schema_version": 0,
          "attributes": {
            "arn": "arn:aws:logs:us-east-1:490167669940:log-group:/aws/lambda/SendGrid_Lambda",
            "id": "/aws/lambda/SendGrid_Lambda",
            "kms_key_id": "",
            "log_group_class": "STANDARD",
            "name": "/aws/lambda/SendGrid_Lambda",
            "name_prefix": "",
            "retention_in_days": 0,
            "skip_destroy": false,
            "tags": null,
            "tags_all": {}
          },
          "sensitive_attributes": [],
          "private": "bnVsbA=="
        }
      ]
    },
    {
      "module": "module.lambda1",
      "mode": "managed",
      "type": "aws_iam_policy",
      "name": "event_sources",
      "provider": "provider[\"registry.terraform.io/hashicorp/aws\"]",
      "instances": [
        {
          "index_key": 0,
          "schema_version": 0,
          "attributes": {
            "arn": "arn:aws:iam::490167669940:policy/terraform-20240127093750743200000004",
            "description": "",
            "id": "arn:aws:iam::490167669940:policy/terraform-20240127093750743200000004",
            "name": "terraform-20240127093750743200000004",
            "name_prefix": "terraform-",
            "path": "/",
            "policy": "{\"Statement\":[{\"Action\":[\"sqs:ReceiveMessage\",\"sqs:GetQueueAttributes\",\"sqs:DeleteMessageBatch\",\"sqs:DeleteMessage\",\"sqs:ChangeMessageVisibilityBatch\",\"sqs:ChangeMessageVisibility\"],\"Effect\":\"Allow\",\"Resource\":\"arn:aws:sqs:us-east-1:490167669940:SendGrid\"}],\"Version\":\"2012-10-17\"}",
            "policy_id": "ANPAXEICFCS2D62EDTJWR",
            "tags": null,
            "tags_all": {}
          },
          "sensitive_attributes": [],
          "private": "bnVsbA==",
          "dependencies": [
            "aws_sqs_queue.SendGrid",
            "module.lambda1.data.aws_iam_policy_document.event_sources"
          ]
        }
      ]
    },
    {
      "module": "module.lambda1",
      "mode": "managed",
      "type": "aws_iam_policy",
      "name": "logs",
      "provider": "provider[\"registry.terraform.io/hashicorp/aws\"]",
      "instances": [
        {
          "index_key": 0,
          "schema_version": 0,
          "attributes": {
            "arn": "arn:aws:iam::490167669940:policy/SendGrid_Lambda-logs-us-east-1",
            "description": "Provides minimum CloudWatch Logs write permissions.",
            "id": "arn:aws:iam::490167669940:policy/SendGrid_Lambda-logs-us-east-1",
            "name": "SendGrid_Lambda-logs-us-east-1",
            "name_prefix": "",
            "path": "/",
            "policy": "{\"Statement\":[{\"Action\":[\"logs:PutLogEvents\",\"logs:CreateLogStream\"],\"Effect\":\"Allow\",\"Resource\":\"arn:aws:logs:us-east-1:490167669940:log-group:/aws/lambda/SendGrid_Lambda:*\"}],\"Version\":\"2012-10-17\"}",
            "policy_id": "ANPAXEICFCS2GPPW67AYH",
            "tags": null,
            "tags_all": {}
          },
          "sensitive_attributes": [],
          "private": "bnVsbA==",
          "dependencies": [
            "module.lambda1.aws_cloudwatch_log_group.lambda",
            "module.lambda1.data.aws_iam_policy_document.logs",
            "module.lambda1.data.aws_region.current"
          ]
        }
      ]
    },
    {
      "module": "module.lambda1",
      "mode": "managed",
      "type": "aws_iam_role",
      "name": "lambda",
      "provider": "provider[\"registry.terraform.io/hashicorp/aws\"]",
      "instances": [
        {
          "schema_version": 0,
          "attributes": {
            "arn": "arn:aws:iam::490167669940:role/SendGrid_Lambda-us-east-1",
            "assume_role_policy": "{\"Statement\":[{\"Action\":\"sts:AssumeRole\",\"Effect\":\"Allow\",\"Principal\":{\"Service\":\"lambda.amazonaws.com\"}}],\"Version\":\"2012-10-17\"}",
            "create_date": "2024-01-27T09:37:20Z",
            "description": "",
            "force_detach_policies": false,
            "id": "SendGrid_Lambda-us-east-1",
            "inline_policy": [],
            "managed_policy_arns": [],
            "max_session_duration": 3600,
            "name": "SendGrid_Lambda-us-east-1",
            "name_prefix": "",
            "path": "/",
            "permissions_boundary": "",
            "tags": null,
            "tags_all": {},
            "unique_id": "AROAXEICFCS2ORWFWJRMW"
          },
          "sensitive_attributes": [],
          "private": "bnVsbA==",
          "dependencies": [
            "module.lambda1.data.aws_iam_policy_document.assume_role_policy",
            "module.lambda1.data.aws_region.current"
          ]
        }
      ]
    },
    {
      "module": "module.lambda1",
      "mode": "managed",
      "type": "aws_iam_role_policy_attachment",
      "name": "event_sources",
      "provider": "provider[\"registry.terraform.io/hashicorp/aws\"]",
      "instances": [
        {
          "index_key": 0,
          "schema_version": 0,
          "attributes": {
            "id": "SendGrid_Lambda-us-east-1-20240127093752164500000009",
            "policy_arn": "arn:aws:iam::490167669940:policy/terraform-20240127093750743200000004",
            "role": "SendGrid_Lambda-us-east-1"
          },
          "sensitive_attributes": [],
          "private": "bnVsbA==",
          "dependencies": [
            "aws_sqs_queue.SendGrid",
            "module.lambda1.aws_iam_policy.event_sources",
            "module.lambda1.aws_iam_role.lambda",
            "module.lambda1.data.aws_iam_policy_document.assume_role_policy",
            "module.lambda1.data.aws_iam_policy_document.event_sources",
            "module.lambda1.data.aws_region.current"
          ]
        }
      ]
    },
    {
      "module": "module.lambda1",
      "mode": "managed",
      "type": "aws_iam_role_policy_attachment",
      "name": "logs",
      "provider": "provider[\"registry.terraform.io/hashicorp/aws\"]",
      "instances": [
        {
          "index_key": 0,
          "schema_version": 0,
          "attributes": {
            "id": "SendGrid_Lambda-us-east-1-20240127093725099500000002",
            "policy_arn": "arn:aws:iam::490167669940:policy/SendGrid_Lambda-logs-us-east-1",
            "role": "SendGrid_Lambda-us-east-1"
          },
          "sensitive_attributes": [],
          "private": "bnVsbA==",
          "dependencies": [
            "module.lambda1.aws_cloudwatch_log_group.lambda",
            "module.lambda1.aws_iam_policy.logs",
            "module.lambda1.aws_iam_role.lambda",
            "module.lambda1.data.aws_iam_policy_document.assume_role_policy",
            "module.lambda1.data.aws_iam_policy_document.logs",
            "module.lambda1.data.aws_region.current"
          ]
        }
      ]
    },
    {
      "module": "module.lambda1",
      "mode": "managed",
      "type": "aws_lambda_event_source_mapping",
      "name": "event_source",
      "provider": "provider[\"registry.terraform.io/hashicorp/aws\"]",
      "instances": [
        {
          "index_key": "SendGrid",
          "schema_version": 0,
          "attributes": {
            "amazon_managed_kafka_event_source_config": [],
            "batch_size": 10,
            "bisect_batch_on_function_error": false,
            "destination_config": [],
            "document_db_event_source_config": [],
            "enabled": true,
            "event_source_arn": "arn:aws:sqs:us-east-1:490167669940:SendGrid",
            "filter_criteria": [],
            "function_arn": "arn:aws:lambda:us-east-1:490167669940:function:SendGrid_Lambda",
            "function_name": "arn:aws:lambda:us-east-1:490167669940:function:SendGrid_Lambda",
            "function_response_types": null,
            "id": "57e8648c-7a8c-435f-b8b6-554d98f54224",
            "last_modified": "2024-01-27T09:37:59Z",
            "last_processing_result": "",
            "maximum_batching_window_in_seconds": 0,
            "maximum_record_age_in_seconds": 0,
            "maximum_retry_attempts": 0,
            "parallelization_factor": 0,
            "queues": null,
            "scaling_config": [],
            "self_managed_event_source": [],
            "self_managed_kafka_event_source_config": [],
            "source_access_configuration": [],
            "starting_position": "",
            "starting_position_timestamp": "",
            "state": "Enabled",
            "state_transition_reason": "USER_INITIATED",
            "topics": null,
            "tumbling_window_in_seconds": 0,
            "uuid": "57e8648c-7a8c-435f-b8b6-554d98f54224"
          },
          "sensitive_attributes": [],
          "private": "bnVsbA==",
          "dependencies": [
            "aws_sqs_queue.SendGrid",
            "data.archive_file.sqs_handler",
            "module.lambda1.aws_cloudwatch_log_group.lambda",
            "module.lambda1.aws_iam_role.lambda",
            "module.lambda1.aws_lambda_function.lambda",
            "module.lambda1.aws_lambda_function.lambda_external_lifecycle",
            "module.lambda1.data.aws_iam_policy_document.assume_role_policy",
            "module.lambda1.data.aws_region.current"
          ]
        }
      ]
    },
    {
      "module": "module.lambda1",
      "mode": "managed",
      "type": "aws_lambda_function",
      "name": "lambda",
      "provider": "provider[\"registry.terraform.io/hashicorp/aws\"]",
      "instances": [
        {
          "index_key": 0,
          "schema_version": 0,
          "attributes": {
            "architectures": [
              "x86_64"
            ],
            "arn": "arn:aws:lambda:us-east-1:490167669940:function:SendGrid_Lambda",
            "code_signing_config_arn": "",
            "dead_letter_config": [],
            "description": "Example usage for an AWS Lambda with a SQS event source mapping",
            "environment": [],
            "ephemeral_storage": [
              {
                "size": 512
              }
            ],
            "file_system_config": [],
            "filename": "./sqs.zip",
            "function_name": "SendGrid_Lambda",
            "handler": "index.handler",
            "id": "SendGrid_Lambda",
            "image_config": [],
            "image_uri": "",
            "invoke_arn": "arn:aws:apigateway:us-east-1:lambda:path/2015-03-31/functions/arn:aws:lambda:us-east-1:490167669940:function:SendGrid_Lambda/invocations",
            "kms_key_arn": "",
            "last_modified": "2024-01-27T09:37:28.009+0000",
            "layers": [],
            "logging_config": [
              {
                "application_log_level": "",
                "log_format": "Text",
                "log_group": "/aws/lambda/SendGrid_Lambda",
                "system_log_level": ""
              }
            ],
            "memory_size": 128,
            "package_type": "Zip",
            "publish": false,
            "qualified_arn": "arn:aws:lambda:us-east-1:490167669940:function:SendGrid_Lambda:$LATEST",
            "qualified_invoke_arn": "arn:aws:apigateway:us-east-1:lambda:path/2015-03-31/functions/arn:aws:lambda:us-east-1:490167669940:function:SendGrid_Lambda:$LATEST/invocations",
            "replace_security_groups_on_destroy": null,
            "replacement_security_group_ids": null,
            "reserved_concurrent_executions": -1,
            "role": "arn:aws:iam::490167669940:role/SendGrid_Lambda-us-east-1",
            "runtime": "java17",
            "s3_bucket": null,
            "s3_key": null,
            "s3_object_version": null,
            "signing_job_arn": "",
            "signing_profile_version_arn": "",
            "skip_destroy": false,
            "snap_start": [],
            "source_code_hash": "4cDmKrChLnwyvcNaNOTJXQ5KUP0lN6Jm1sDJph5KdJI=",
            "source_code_size": 250,
            "tags": null,
            "tags_all": {},
            "timeout": 3,
            "timeouts": null,
            "tracing_config": [
              {
                "mode": "PassThrough"
              }
            ],
            "version": "$LATEST",
            "vpc_config": []
          },
          "sensitive_attributes": [],
          "private": "eyJlMmJmYjczMC1lY2FhLTExZTYtOGY4OC0zNDM2M2JjN2M0YzAiOnsiY3JlYXRlIjo2MDAwMDAwMDAwMDAsImRlbGV0ZSI6NjAwMDAwMDAwMDAwLCJ1cGRhdGUiOjYwMDAwMDAwMDAwMH19",
          "dependencies": [
            "data.archive_file.sqs_handler",
            "module.lambda1.aws_cloudwatch_log_group.lambda",
            "module.lambda1.aws_iam_role.lambda",
            "module.lambda1.data.aws_iam_policy_document.assume_role_policy",
            "module.lambda1.data.aws_region.current"
          ]
        }
      ]
    },
    {
      "module": "module.lambda2",
      "mode": "data",
      "type": "aws_caller_identity",
      "name": "current",
      "provider": "provider[\"registry.terraform.io/hashicorp/aws\"]",
      "instances": [
        {
          "schema_version": 0,
          "attributes": {
            "account_id": "490167669940",
            "arn": "arn:aws:sts::490167669940:assumed-role/AWSReservedSSO_PowerUser_85290a67d1a90889/vijay.poola@cloud4c.com",
            "id": "490167669940",
            "user_id": "AROAXEICFCS2N4FJX66HL:vijay.poola@cloud4c.com"
          },
          "sensitive_attributes": []
        }
      ]
    },
    {
      "module": "module.lambda2",
      "mode": "data",
      "type": "aws_iam_policy_document",
      "name": "assume_role_policy",
      "provider": "provider[\"registry.terraform.io/hashicorp/aws\"]",
      "instances": [
        {
          "schema_version": 0,
          "attributes": {
            "id": "2690255455",
            "json": "{\n  \"Version\": \"2012-10-17\",\n  \"Statement\": [\n    {\n      \"Effect\": \"Allow\",\n      \"Action\": \"sts:AssumeRole\",\n      \"Principal\": {\n        \"Service\": \"lambda.amazonaws.com\"\n      }\n    }\n  ]\n}",
            "override_policy_documents": null,
            "policy_id": null,
            "source_policy_documents": null,
            "statement": [
              {
                "actions": [
                  "sts:AssumeRole"
                ],
                "condition": [],
                "effect": "Allow",
                "not_actions": [],
                "not_principals": [],
                "not_resources": [],
                "principals": [
                  {
                    "identifiers": [
                      "lambda.amazonaws.com"
                    ],
                    "type": "Service"
                  }
                ],
                "resources": [],
                "sid": ""
              }
            ],
            "version": "2012-10-17"
          },
          "sensitive_attributes": []
        }
      ]
    },
    {
      "module": "module.lambda2",
      "mode": "data",
      "type": "aws_iam_policy_document",
      "name": "event_sources",
      "provider": "provider[\"registry.terraform.io/hashicorp/aws\"]",
      "instances": [
        {
          "index_key": 0,
          "schema_version": 0,
          "attributes": {
            "id": "3996627293",
            "json": "{\n  \"Version\": \"2012-10-17\",\n  \"Statement\": [\n    {\n      \"Effect\": \"Allow\",\n      \"Action\": [\n        \"sqs:ReceiveMessage\",\n        \"sqs:GetQueueAttributes\",\n        \"sqs:DeleteMessageBatch\",\n        \"sqs:DeleteMessage\",\n        \"sqs:ChangeMessageVisibilityBatch\",\n        \"sqs:ChangeMessageVisibility\"\n      ],\n      \"Resource\": \"arn:aws:sqs:us-east-1:490167669940:HubSpot\"\n    }\n  ]\n}",
            "override_policy_documents": null,
            "policy_id": null,
            "source_policy_documents": null,
            "statement": [
              {
                "actions": [
                  "sqs:ChangeMessageVisibility",
                  "sqs:ChangeMessageVisibilityBatch",
                  "sqs:DeleteMessage",
                  "sqs:DeleteMessageBatch",
                  "sqs:GetQueueAttributes",
                  "sqs:ReceiveMessage"
                ],
                "condition": [],
                "effect": "Allow",
                "not_actions": [],
                "not_principals": [],
                "not_resources": [],
                "principals": [],
                "resources": [
                  "arn:aws:sqs:us-east-1:490167669940:HubSpot"
                ],
                "sid": ""
              }
            ],
            "version": "2012-10-17"
          },
          "sensitive_attributes": []
        }
      ]
    },
    {
      "module": "module.lambda2",
      "mode": "data",
      "type": "aws_iam_policy_document",
      "name": "logs",
      "provider": "provider[\"registry.terraform.io/hashicorp/aws\"]",
      "instances": [
        {
          "index_key": 0,
          "schema_version": 0,
          "attributes": {
            "id": "4108512492",
            "json": "{\n  \"Version\": \"2012-10-17\",\n  \"Statement\": [\n    {\n      \"Effect\": \"Allow\",\n      \"Action\": [\n        \"logs:PutLogEvents\",\n        \"logs:CreateLogStream\"\n      ],\n      \"Resource\": \"arn:aws:logs:us-east-1:490167669940:log-group:/aws/lambda/HubSpot_Lambda:*\"\n    }\n  ]\n}",
            "override_policy_documents": null,
            "policy_id": null,
            "source_policy_documents": null,
            "statement": [
              {
                "actions": [
                  "logs:CreateLogStream",
                  "logs:PutLogEvents"
                ],
                "condition": [],
                "effect": "Allow",
                "not_actions": [],
                "not_principals": [],
                "not_resources": [],
                "principals": [],
                "resources": [
                  "arn:aws:logs:us-east-1:490167669940:log-group:/aws/lambda/HubSpot_Lambda:*"
                ],
                "sid": ""
              }
            ],
            "version": "2012-10-17"
          },
          "sensitive_attributes": []
        }
      ]
    },
    {
      "module": "module.lambda2",
      "mode": "data",
      "type": "aws_partition",
      "name": "current",
      "provider": "provider[\"registry.terraform.io/hashicorp/aws\"]",
      "instances": [
        {
          "schema_version": 0,
          "attributes": {
            "dns_suffix": "amazonaws.com",
            "id": "aws",
            "partition": "aws",
            "reverse_dns_prefix": "com.amazonaws"
          },
          "sensitive_attributes": []
        }
      ]
    },
    {
      "module": "module.lambda2",
      "mode": "data",
      "type": "aws_region",
      "name": "current",
      "provider": "provider[\"registry.terraform.io/hashicorp/aws\"]",
      "instances": [
        {
          "schema_version": 0,
          "attributes": {
            "description": "US East (N. Virginia)",
            "endpoint": "ec2.us-east-1.amazonaws.com",
            "id": "us-east-1",
            "name": "us-east-1"
          },
          "sensitive_attributes": []
        }
      ]
    },
    {
      "module": "module.lambda2",
      "mode": "managed",
      "type": "aws_cloudwatch_log_group",
      "name": "lambda",
      "provider": "provider[\"registry.terraform.io/hashicorp/aws\"]",
      "instances": [
        {
          "schema_version": 0,
          "attributes": {
            "arn": "arn:aws:logs:us-east-1:490167669940:log-group:/aws/lambda/HubSpot_Lambda",
            "id": "/aws/lambda/HubSpot_Lambda",
            "kms_key_id": "",
            "log_group_class": "STANDARD",
            "name": "/aws/lambda/HubSpot_Lambda",
            "name_prefix": "",
            "retention_in_days": 0,
            "skip_destroy": false,
            "tags": null,
            "tags_all": {}
          },
          "sensitive_attributes": [],
          "private": "bnVsbA=="
        }
      ]
    },
    {
      "module": "module.lambda2",
      "mode": "managed",
      "type": "aws_iam_policy",
      "name": "event_sources",
      "provider": "provider[\"registry.terraform.io/hashicorp/aws\"]",
      "instances": [
        {
          "index_key": 0,
          "schema_version": 0,
          "attributes": {
            "arn": "arn:aws:iam::490167669940:policy/terraform-20240127093750747800000006",
            "description": "",
            "id": "arn:aws:iam::490167669940:policy/terraform-20240127093750747800000006",
            "name": "terraform-20240127093750747800000006",
            "name_prefix": "terraform-",
            "path": "/",
            "policy": "{\"Statement\":[{\"Action\":[\"sqs:ReceiveMessage\",\"sqs:GetQueueAttributes\",\"sqs:DeleteMessageBatch\",\"sqs:DeleteMessage\",\"sqs:ChangeMessageVisibilityBatch\",\"sqs:ChangeMessageVisibility\"],\"Effect\":\"Allow\",\"Resource\":\"arn:aws:sqs:us-east-1:490167669940:HubSpot\"}],\"Version\":\"2012-10-17\"}",
            "policy_id": "ANPAXEICFCS2JFTFZ5GEM",
            "tags": null,
            "tags_all": {}
          },
          "sensitive_attributes": [],
          "private": "bnVsbA==",
          "dependencies": [
            "aws_sqs_queue.HubSpot",
            "module.lambda2.data.aws_iam_policy_document.event_sources"
          ]
        }
      ]
    },
    {
      "module": "module.lambda2",
      "mode": "managed",
      "type": "aws_iam_policy",
      "name": "logs",
      "provider": "provider[\"registry.terraform.io/hashicorp/aws\"]",
      "instances": [
        {
          "index_key": 0,
          "schema_version": 0,
          "attributes": {
            "arn": "arn:aws:iam::490167669940:policy/HubSpot_Lambda-logs-us-east-1",
            "description": "Provides minimum CloudWatch Logs write permissions.",
            "id": "arn:aws:iam::490167669940:policy/HubSpot_Lambda-logs-us-east-1",
            "name": "HubSpot_Lambda-logs-us-east-1",
            "name_prefix": "",
            "path": "/",
            "policy": "{\"Statement\":[{\"Action\":[\"logs:PutLogEvents\",\"logs:CreateLogStream\"],\"Effect\":\"Allow\",\"Resource\":\"arn:aws:logs:us-east-1:490167669940:log-group:/aws/lambda/HubSpot_Lambda:*\"}],\"Version\":\"2012-10-17\"}",
            "policy_id": "ANPAXEICFCS2DTMVBZD2M",
            "tags": null,
            "tags_all": {}
          },
          "sensitive_attributes": [],
          "private": "bnVsbA==",
          "dependencies": [
            "module.lambda2.aws_cloudwatch_log_group.lambda",
            "module.lambda2.data.aws_iam_policy_document.logs",
            "module.lambda2.data.aws_region.current"
          ]
        }
      ]
    },
    {
      "module": "module.lambda2",
      "mode": "managed",
      "type": "aws_iam_role",
      "name": "lambda",
      "provider": "provider[\"registry.terraform.io/hashicorp/aws\"]",
      "instances": [
        {
          "schema_version": 0,
          "attributes": {
            "arn": "arn:aws:iam::490167669940:role/HubSpot_Lambda-us-east-1",
            "assume_role_policy": "{\"Statement\":[{\"Action\":\"sts:AssumeRole\",\"Effect\":\"Allow\",\"Principal\":{\"Service\":\"lambda.amazonaws.com\"}}],\"Version\":\"2012-10-17\"}",
            "create_date": "2024-01-27T09:37:20Z",
            "description": "",
            "force_detach_policies": false,
            "id": "HubSpot_Lambda-us-east-1",
            "inline_policy": [],
            "managed_policy_arns": [],
            "max_session_duration": 3600,
            "name": "HubSpot_Lambda-us-east-1",
            "name_prefix": "",
            "path": "/",
            "permissions_boundary": "",
            "tags": null,
            "tags_all": {},
            "unique_id": "AROAXEICFCS2OGAFKUMQB"
          },
          "sensitive_attributes": [],
          "private": "bnVsbA==",
          "dependencies": [
            "module.lambda2.data.aws_iam_policy_document.assume_role_policy",
            "module.lambda2.data.aws_region.current"
          ]
        }
      ]
    },
    {
      "module": "module.lambda2",
      "mode": "managed",
      "type": "aws_iam_role_policy_attachment",
      "name": "event_sources",
      "provider": "provider[\"registry.terraform.io/hashicorp/aws\"]",
      "instances": [
        {
          "index_key": 0,
          "schema_version": 0,
          "attributes": {
            "id": "HubSpot_Lambda-us-east-1-20240127093752162100000008",
            "policy_arn": "arn:aws:iam::490167669940:policy/terraform-20240127093750747800000006",
            "role": "HubSpot_Lambda-us-east-1"
          },
          "sensitive_attributes": [],
          "private": "bnVsbA==",
          "dependencies": [
            "aws_sqs_queue.HubSpot",
            "module.lambda2.aws_iam_policy.event_sources",
            "module.lambda2.aws_iam_role.lambda",
            "module.lambda2.data.aws_iam_policy_document.assume_role_policy",
            "module.lambda2.data.aws_iam_policy_document.event_sources",
            "module.lambda2.data.aws_region.current"
          ]
        }
      ]
    },
    {
      "module": "module.lambda2",
      "mode": "managed",
      "type": "aws_iam_role_policy_attachment",
      "name": "logs",
      "provider": "provider[\"registry.terraform.io/hashicorp/aws\"]",
      "instances": [
        {
          "index_key": 0,
          "schema_version": 0,
          "attributes": {
            "id": "HubSpot_Lambda-us-east-1-20240127093724799200000001",
            "policy_arn": "arn:aws:iam::490167669940:policy/HubSpot_Lambda-logs-us-east-1",
            "role": "HubSpot_Lambda-us-east-1"
          },
          "sensitive_attributes": [],
          "private": "bnVsbA==",
          "dependencies": [
            "module.lambda2.aws_cloudwatch_log_group.lambda",
            "module.lambda2.aws_iam_policy.logs",
            "module.lambda2.aws_iam_role.lambda",
            "module.lambda2.data.aws_iam_policy_document.assume_role_policy",
            "module.lambda2.data.aws_iam_policy_document.logs",
            "module.lambda2.data.aws_region.current"
          ]
        }
      ]
    },
    {
      "module": "module.lambda2",
      "mode": "managed",
      "type": "aws_lambda_event_source_mapping",
      "name": "event_source",
      "provider": "provider[\"registry.terraform.io/hashicorp/aws\"]",
      "instances": [
        {
          "index_key": "HubSpot",
          "schema_version": 0,
          "attributes": {
            "amazon_managed_kafka_event_source_config": [],
            "batch_size": 10,
            "bisect_batch_on_function_error": false,
            "destination_config": [],
            "document_db_event_source_config": [],
            "enabled": true,
            "event_source_arn": "arn:aws:sqs:us-east-1:490167669940:HubSpot",
            "filter_criteria": [],
            "function_arn": "arn:aws:lambda:us-east-1:490167669940:function:HubSpot_Lambda",
            "function_name": "arn:aws:lambda:us-east-1:490167669940:function:HubSpot_Lambda",
            "function_response_types": null,
            "id": "4b035865-7236-4816-8aa1-e05f6594a0ca",
            "last_modified": "2024-01-27T09:37:59Z",
            "last_processing_result": "",
            "maximum_batching_window_in_seconds": 0,
            "maximum_record_age_in_seconds": 0,
            "maximum_retry_attempts": 0,
            "parallelization_factor": 0,
            "queues": null,
            "scaling_config": [],
            "self_managed_event_source": [],
            "self_managed_kafka_event_source_config": [],
            "source_access_configuration": [],
            "starting_position": "",
            "starting_position_timestamp": "",
            "state": "Enabled",
            "state_transition_reason": "USER_INITIATED",
            "topics": null,
            "tumbling_window_in_seconds": 0,
            "uuid": "4b035865-7236-4816-8aa1-e05f6594a0ca"
          },
          "sensitive_attributes": [],
          "private": "bnVsbA==",
          "dependencies": [
            "aws_sqs_queue.HubSpot",
            "data.archive_file.sqs_handler",
            "module.lambda2.aws_cloudwatch_log_group.lambda",
            "module.lambda2.aws_iam_role.lambda",
            "module.lambda2.aws_lambda_function.lambda",
            "module.lambda2.aws_lambda_function.lambda_external_lifecycle",
            "module.lambda2.data.aws_iam_policy_document.assume_role_policy",
            "module.lambda2.data.aws_region.current"
          ]
        }
      ]
    },
    {
      "module": "module.lambda2",
      "mode": "managed",
      "type": "aws_lambda_function",
      "name": "lambda",
      "provider": "provider[\"registry.terraform.io/hashicorp/aws\"]",
      "instances": [
        {
          "index_key": 0,
          "schema_version": 0,
          "attributes": {
            "architectures": [
              "x86_64"
            ],
            "arn": "arn:aws:lambda:us-east-1:490167669940:function:HubSpot_Lambda",
            "code_signing_config_arn": "",
            "dead_letter_config": [],
            "description": "Example usage for an AWS Lambda with a SQS event source mapping",
            "environment": [],
            "ephemeral_storage": [
              {
                "size": 512
              }
            ],
            "file_system_config": [],
            "filename": "./sqs.zip",
            "function_name": "HubSpot_Lambda",
            "handler": "index.handler",
            "id": "HubSpot_Lambda",
            "image_config": [],
            "image_uri": "",
            "invoke_arn": "arn:aws:apigateway:us-east-1:lambda:path/2015-03-31/functions/arn:aws:lambda:us-east-1:490167669940:function:HubSpot_Lambda/invocations",
            "kms_key_arn": "",
            "last_modified": "2024-01-27T09:37:42.690+0000",
            "layers": [],
            "logging_config": [
              {
                "application_log_level": "",
                "log_format": "Text",
                "log_group": "/aws/lambda/HubSpot_Lambda",
                "system_log_level": ""
              }
            ],
            "memory_size": 128,
            "package_type": "Zip",
            "publish": false,
            "qualified_arn": "arn:aws:lambda:us-east-1:490167669940:function:HubSpot_Lambda:$LATEST",
            "qualified_invoke_arn": "arn:aws:apigateway:us-east-1:lambda:path/2015-03-31/functions/arn:aws:lambda:us-east-1:490167669940:function:HubSpot_Lambda:$LATEST/invocations",
            "replace_security_groups_on_destroy": null,
            "replacement_security_group_ids": null,
            "reserved_concurrent_executions": -1,
            "role": "arn:aws:iam::490167669940:role/HubSpot_Lambda-us-east-1",
            "runtime": "java17",
            "s3_bucket": null,
            "s3_key": null,
            "s3_object_version": null,
            "signing_job_arn": "",
            "signing_profile_version_arn": "",
            "skip_destroy": false,
            "snap_start": [],
            "source_code_hash": "4cDmKrChLnwyvcNaNOTJXQ5KUP0lN6Jm1sDJph5KdJI=",
            "source_code_size": 250,
            "tags": null,
            "tags_all": {},
            "timeout": 3,
            "timeouts": null,
            "tracing_config": [
              {
                "mode": "PassThrough"
              }
            ],
            "version": "$LATEST",
            "vpc_config": []
          },
          "sensitive_attributes": [],
          "private": "eyJlMmJmYjczMC1lY2FhLTExZTYtOGY4OC0zNDM2M2JjN2M0YzAiOnsiY3JlYXRlIjo2MDAwMDAwMDAwMDAsImRlbGV0ZSI6NjAwMDAwMDAwMDAwLCJ1cGRhdGUiOjYwMDAwMDAwMDAwMH19",
          "dependencies": [
            "data.archive_file.sqs_handler",
            "module.lambda2.aws_cloudwatch_log_group.lambda",
            "module.lambda2.aws_iam_role.lambda",
            "module.lambda2.data.aws_iam_policy_document.assume_role_policy",
            "module.lambda2.data.aws_region.current"
          ]
        }
      ]
    }
  ],
  "check_results": null
}
